
Microsoft Visual Studio Solution File, Format Version 12.00
# Visual Studio Version 16
VisualStudioVersion = 16.0.30907.101
MinimumVisualStudioVersion = 10.0.40219.1
Project("{FAE04EC0-301F-11D3-BF4B-00C04F79EFBC}") = "RecapDemo1", "RecapDemo1\RecapDemo1.csproj", "{5EA53F40-36A6-461E-9410-D61D9CBC473E}"
EndProject
Global
	GlobalSection(SolutionConfigurationPlatforms) = preSolution
		Debug|Any CPU = Debug|Any CPU
		Release|Any CPU = Release|Any CPU
	EndGlobalSection
	GlobalSection(ProjectConfigurationPlatforms) = postSolution
		{5EA53F40-36A6-461E-9410-D61D9CBC473E}.Debug|Any CPU.ActiveCfg = Debug|Any CPU
		{5EA53F40-36A6-461E-9410-D61D9CBC473E}.Debug|Any CPU.Build.0 = Debug|Any CPU
		{5EA53F40-36A6-461E-9410-D61D9CBC473E}.Release|Any CPU.ActiveCfg = Release|Any CPU
		{5EA53F40-36A6-461E-9410-D61D9CBC473E}.Release|Any CPU.Build.0 = Release|Any CPU
	EndGlobalSection
	GlobalSection(SolutionProperties) = preSolution
		HideSolutionNode = FALSE
	EndGlobalSection
	GlobalSection(ExtensibilityGlobals) = postSolution
		SolutionGuid = {95270498-CBAF-46C5-837E-F1A9139CC472}
	EndGlobalSection
EndGlobal
